// !$*UTF8*$!
{
	archiveVersion = 1;
	classes = {
	};
	objectVersion = 56;
	objects = {

/* Begin PBXBuildFile section */
		BF19C8582962C13000CBAE21 /* ColorDetailView.swift in Sources */ = {isa = PBXBuildFile; fileRef = BF19C8572962C13000CBAE21 /* ColorDetailView.swift */; };
		BFB268E42954637C007EF5B4 /* ColorPickerApp.swift in Sources */ = {isa = PBXBuildFile; fileRef = BFB268E32954637C007EF5B4 /* ColorPickerApp.swift */; };
		BFB268E62954637C007EF5B4 /* ContentView.swift in Sources */ = {isa = PBXBuildFile; fileRef = BFB268E52954637C007EF5B4 /* ContentView.swift */; };
		BFB268E82954637D007EF5B4 /* Assets.xcassets in Resources */ = {isa = PBXBuildFile; fileRef = BFB268E72954637D007EF5B4 /* Assets.xcassets */; };
		BFB268EB2954637D007EF5B4 /* Preview Assets.xcassets in Resources */ = {isa = PBXBuildFile; fileRef = BFB268EA2954637D007EF5B4 /* Preview Assets.xcassets */; };
		BFB268ED2954637D007EF5B4 /* Persistence.swift in Sources */ = {isa = PBXBuildFile; fileRef = BFB268EC2954637D007EF5B4 /* Persistence.swift */; };
		BFB268F02954637D007EF5B4 /* ColorPicker.xcdatamodeld in Sources */ = {isa = PBXBuildFile; fileRef = BFB268EE2954637D007EF5B4 /* ColorPicker.xcdatamodeld */; };
		BFB268FA2954904D007EF5B4 /* HomeView.swift in Sources */ = {isa = PBXBuildFile; fileRef = BFB268F92954904D007EF5B4 /* HomeView.swift */; };
		BFB268FD2954930B007EF5B4 /* ColorViewModel.swift in Sources */ = {isa = PBXBuildFile; fileRef = BFB268FC2954930B007EF5B4 /* ColorViewModel.swift */; };
		BFB268FF29549415007EF5B4 /* AddColor.swift in Sources */ = {isa = PBXBuildFile; fileRef = BFB268FE29549415007EF5B4 /* AddColor.swift */; };
		BFB26921295C2DE1007EF5B4 /* Constant.swift in Sources */ = {isa = PBXBuildFile; fileRef = BFB26920295C2DE1007EF5B4 /* Constant.swift */; };
		BFB26926295C69EE007EF5B4 /* ColorValue.swift in Sources */ = {isa = PBXBuildFile; fileRef = BFB26925295C69EE007EF5B4 /* ColorValue.swift */; };
		BFEAF52629642A83006FA83A /* EditColorView.swift in Sources */ = {isa = PBXBuildFile; fileRef = BFEAF52529642A83006FA83A /* EditColorView.swift */; };
/* End PBXBuildFile section */

/* Begin PBXFileReference section */
		BF19C8572962C13000CBAE21 /* ColorDetailView.swift */ = {isa = PBXFileReference; lastKnownFileType = sourcecode.swift; path = ColorDetailView.swift; sourceTree = "<group>"; };
		BFB268E02954637C007EF5B4 /* ColorPicker.app */ = {isa = PBXFileReference; explicitFileType = wrapper.application; includeInIndex = 0; path = ColorPicker.app; sourceTree = BUILT_PRODUCTS_DIR; };
		BFB268E32954637C007EF5B4 /* ColorPickerApp.swift */ = {isa = PBXFileReference; lastKnownFileType = sourcecode.swift; path = ColorPickerApp.swift; sourceTree = "<group>"; };
		BFB268E52954637C007EF5B4 /* ContentView.swift */ = {isa = PBXFileReference; lastKnownFileType = sourcecode.swift; path = ContentView.swift; sourceTree = "<group>"; };
		BFB268E72954637D007EF5B4 /* Assets.xcassets */ = {isa = PBXFileReference; lastKnownFileType = folder.assetcatalog; path = Assets.xcassets; sourceTree = "<group>"; };
		BFB268EA2954637D007EF5B4 /* Preview Assets.xcassets */ = {isa = PBXFileReference; lastKnownFileType = folder.assetcatalog; path = "Preview Assets.xcassets"; sourceTree = "<group>"; };
		BFB268EC2954637D007EF5B4 /* Persistence.swift */ = {isa = PBXFileReference; lastKnownFileType = sourcecode.swift; path = Persistence.swift; sourceTree = "<group>"; };
		BFB268EF2954637D007EF5B4 /* ColorPicker.xcdatamodel */ = {isa = PBXFileReference; lastKnownFileType = wrapper.xcdatamodel; path = ColorPicker.xcdatamodel; sourceTree = "<group>"; };
		BFB268F92954904D007EF5B4 /* HomeView.swift */ = {isa = PBXFileReference; lastKnownFileType = sourcecode.swift; path = HomeView.swift; sourceTree = "<group>"; };
		BFB268FC2954930B007EF5B4 /* ColorViewModel.swift */ = {isa = PBXFileReference; lastKnownFileType = sourcecode.swift; path = ColorViewModel.swift; sourceTree = "<group>"; };
		BFB268FE29549415007EF5B4 /* AddColor.swift */ = {isa = PBXFileReference; lastKnownFileType = sourcecode.swift; path = AddColor.swift; sourceTree = "<group>"; };
		BFB26920295C2DE1007EF5B4 /* Constant.swift */ = {isa = PBXFileReference; lastKnownFileType = sourcecode.swift; path = Constant.swift; sourceTree = "<group>"; };
		BFB26925295C69EE007EF5B4 /* ColorValue.swift */ = {isa = PBXFileReference; lastKnownFileType = sourcecode.swift; path = ColorValue.swift; sourceTree = "<group>"; };
		BFEAF52529642A83006FA83A /* EditColorView.swift */ = {isa = PBXFileReference; lastKnownFileType = sourcecode.swift; path = EditColorView.swift; sourceTree = "<group>"; };
/* End PBXFileReference section */

/* Begin PBXFrameworksBuildPhase section */
		BFB268DD2954637C007EF5B4 /* Frameworks */ = {
			isa = PBXFrameworksBuildPhase;
			buildActionMask = 2147483647;
			files = (
			);
			runOnlyForDeploymentPostprocessing = 0;
		};
/* End PBXFrameworksBuildPhase section */

/* Begin PBXGroup section */
		BFB268D72954637C007EF5B4 = {
			isa = PBXGroup;
			children = (
				BFB268E22954637C007EF5B4 /* ColorPicker */,
				BFB268E12954637C007EF5B4 /* Products */,
			);
			sourceTree = "<group>";
		};
		BFB268E12954637C007EF5B4 /* Products */ = {
			isa = PBXGroup;
			children = (
				BFB268E02954637C007EF5B4 /* ColorPicker.app */,
			);
			name = Products;
			sourceTree = "<group>";
		};
		BFB268E22954637C007EF5B4 /* ColorPicker */ = {
			isa = PBXGroup;
			children = (
				BFB26924295C69E7007EF5B4 /* Model */,
				BFB268FB29549079007EF5B4 /* ViewModel */,
				BFB268F629546D06007EF5B4 /* Views */,
				BFB2691F295C2DD5007EF5B4 /* Utility */,
				BFB268E32954637C007EF5B4 /* ColorPickerApp.swift */,
				BFB268E52954637C007EF5B4 /* ContentView.swift */,
				BFB268E72954637D007EF5B4 /* Assets.xcassets */,
				BFB268EC2954637D007EF5B4 /* Persistence.swift */,
				BFB268EE2954637D007EF5B4 /* ColorPicker.xcdatamodeld */,
				BFB268E92954637D007EF5B4 /* Preview Content */,
			);
			path = ColorPicker;
			sourceTree = "<group>";
		};
		BFB268E92954637D007EF5B4 /* Preview Content */ = {
			isa = PBXGroup;
			children = (
				BFB268EA2954637D007EF5B4 /* Preview Assets.xcassets */,
			);
			path = "Preview Content";
			sourceTree = "<group>";
		};
		BFB268F629546D06007EF5B4 /* Views */ = {
			isa = PBXGroup;
			children = (
				BFB268F92954904D007EF5B4 /* HomeView.swift */,
				BFEAF52529642A83006FA83A /* EditColorView.swift */,
				BFB268FE29549415007EF5B4 /* AddColor.swift */,
				BF19C8572962C13000CBAE21 /* ColorDetailView.swift */,
			);
			path = Views;
			sourceTree = "<group>";
		};
		BFB268FB29549079007EF5B4 /* ViewModel */ = {
			isa = PBXGroup;
			children = (
				BFB268FC2954930B007EF5B4 /* ColorViewModel.swift */,
			);
			path = ViewModel;
			sourceTree = "<group>";
		};
		BFB2691F295C2DD5007EF5B4 /* Utility */ = {
			isa = PBXGroup;
			children = (
				BFB26920295C2DE1007EF5B4 /* Constant.swift */,
			);
			path = Utility;
			sourceTree = "<group>";
		};
		BFB26924295C69E7007EF5B4 /* Model */ = {
			isa = PBXGroup;
			children = (
				BFB26925295C69EE007EF5B4 /* ColorValue.swift */,
			);
			path = Model;
			sourceTree = "<group>";
		};
/* End PBXGroup section */

/* Begin PBXNativeTarget section */
		BFB268DF2954637C007EF5B4 /* ColorPicker */ = {
			isa = PBXNativeTarget;
			buildConfigurationList = BFB268F32954637D007EF5B4 /* Build configuration list for PBXNativeTarget "ColorPicker" */;
			buildPhases = (
				BFB268DC2954637C007EF5B4 /* Sources */,
				BFB268DD2954637C007EF5B4 /* Frameworks */,
				BFB268DE2954637C007EF5B4 /* Resources */,
			);
			buildRules = (
			);
			dependencies = (
			);
			name = ColorPicker;
			productName = ColorPicker;
			productReference = BFB268E02954637C007EF5B4 /* ColorPicker.app */;
			productType = "com.apple.product-type.application";
		};
/* End PBXNativeTarget section */

/* Begin PBXProject section */
		BFB268D82954637C007EF5B4 /* Project object */ = {
			isa = PBXProject;
			attributes = {
				BuildIndependentTargetsInParallel = 1;
				LastSwiftUpdateCheck = 1420;
				LastUpgradeCheck = 1420;
				TargetAttributes = {
					BFB268DF2954637C007EF5B4 = {
						CreatedOnToolsVersion = 14.2;
					};
				};
			};
			buildConfigurationList = BFB268DB2954637C007EF5B4 /* Build configuration list for PBXProject "ColorPicker" */;
			compatibilityVersion = "Xcode 14.0";
			developmentRegion = en;
			hasScannedForEncodings = 0;
			knownRegions = (
				en,
				Base,
			);
			mainGroup = BFB268D72954637C007EF5B4;
			productRefGroup = BFB268E12954637C007EF5B4 /* Products */;
			projectDirPath = "";
			projectRoot = "";
			targets = (
				BFB268DF2954637C007EF5B4 /* ColorPicker */,
			);
		};
/* End PBXProject section */

/* Begin PBXResourcesBuildPhase section */
		BFB268DE2954637C007EF5B4 /* Resources */ = {
			isa = PBXResourcesBuildPhase;
			buildActionMask = 2147483647;
			files = (
				BFB268EB2954637D007EF5B4 /* Preview Assets.xcassets in Resources */,
				BFB268E82954637D007EF5B4 /* Assets.xcassets in Resources */,
			);
			runOnlyForDeploymentPostprocessing = 0;
		};
/* End PBXResourcesBuildPhase section */

/* Begin PBXSourcesBuildPhase section */
		BFB268DC2954637C007EF5B4 /* Sources */ = {
			isa = PBXSourcesBuildPhase;
			buildActionMask = 2147483647;
			files = (
				BFB268ED2954637D007EF5B4 /* Persistence.swift in Sources */,
				BFB268FF29549415007EF5B4 /* AddColor.swift in Sources */,
				BFB26926295C69EE007EF5B4 /* ColorValue.swift in Sources */,
				BFB268FD2954930B007EF5B4 /* ColorViewModel.swift in Sources */,
				BFB26921295C2DE1007EF5B4 /* Constant.swift in Sources */,
				BFEAF52629642A83006FA83A /* EditColorView.swift in Sources */,
				BF19C8582962C13000CBAE21 /* ColorDetailView.swift in Sources */,
				BFB268F02954637D007EF5B4 /* ColorPicker.xcdatamodeld in Sources */,
				BFB268FA2954904D007EF5B4 /* HomeView.swift in Sources */,
				BFB268E62954637C007EF5B4 /* ContentView.swift in Sources */,
				BFB268E42954637C007EF5B4 /* ColorPickerApp.swift in Sources */,
			);
			runOnlyForDeploymentPostprocessing = 0;
		};
/* End PBXSourcesBuildPhase section */

/* Begin XCBuildConfiguration section */
		BFB268F12954637D007EF5B4 /* Debug */ = {
			isa = XCBuildConfiguration;
			buildSettings = {
				ALWAYS_SEARCH_USER_PATHS = NO;
				CLANG_ANALYZER_NONNULL = YES;
				CLANG_ANALYZER_NUMBER_OBJECT_CONVERSION = YES_AGGRESSIVE;
				CLANG_CXX_LANGUAGE_STANDARD = "gnu++20";
				CLANG_ENABLE_MODULES = YES;
				CLANG_ENABLE_OBJC_ARC = YES;
				CLANG_ENABLE_OBJC_WEAK = YES;
				CLANG_WARN_BLOCK_CAPTURE_AUTORELEASING = YES;
				CLANG_WARN_BOOL_CONVERSION = YES;
				CLANG_WARN_COMMA = YES;
				CLANG_WARN_CONSTANT_CONVERSION = YES;
				CLANG_WARN_DEPRECATED_OBJC_IMPLEMENTATIONS = YES;
				CLANG_WARN_DIRECT_OBJC_ISA_USAGE = YES_ERROR;
				CLANG_WARN_DOCUMENTATION_COMMENTS = YES;
				CLANG_WARN_EMPTY_BODY = YES;
				CLANG_WARN_ENUM_CONVERSION = YES;
				CLANG_WARN_INFINITE_RECURSION = YES;
				CLANG_WARN_INT_CONVERSION = YES;
				CLANG_WARN_NON_LITERAL_NULL_CONVERSION = YES;
				CLANG_WARN_OBJC_IMPLICIT_RETAIN_SELF = YES;
				CLANG_WARN_OBJC_LITERAL_CONVERSION = YES;
				CLANG_WARN_OBJC_ROOT_CLASS = YES_ERROR;
				CLANG_WARN_QUOTED_INCLUDE_IN_FRAMEWORK_HEADER = YES;
				CLANG_WARN_RANGE_LOOP_ANALYSIS = YES;
				CLANG_WARN_STRICT_PROTOTYPES = YES;
				CLANG_WARN_SUSPICIOUS_MOVE = YES;
				CLANG_WARN_UNGUARDED_AVAILABILITY = YES_AGGRESSIVE;
				CLANG_WARN_UNREACHABLE_CODE = YES;
				CLANG_WARN__DUPLICATE_METHOD_MATCH = YES;
				COPY_PHASE_STRIP = NO;
				DEBUG_INFORMATION_FORMAT = dwarf;
				ENABLE_STRICT_OBJC_MSGSEND = YES;
				ENABLE_TESTABILITY = YES;
				GCC_C_LANGUAGE_STANDARD = gnu11;
				GCC_DYNAMIC_NO_PIC = NO;
				GCC_NO_COMMON_BLOCKS = YES;
				GCC_OPTIMIZATION_LEVEL = 0;
				GCC_PREPROCESSOR_DEFINITIONS = (
					"DEBUG=1",
					"$(inherited)",
				);
				GCC_WARN_64_TO_32_BIT_CONVERSION = YES;
				GCC_WARN_ABOUT_RETURN_TYPE = YES_ERROR;
				GCC_WARN_UNDECLARED_SELECTOR = YES;
				GCC_WARN_UNINITIALIZED_AUTOS = YES_AGGRESSIVE;
				GCC_WARN_UNUSED_FUNCTION = YES;
				GCC_WARN_UNUSED_VARIABLE = YES;
				IPHONEOS_DEPLOYMENT_TARGET = 16.2;
				MTL_ENABLE_DEBUG_INFO = INCLUDE_SOURCE;
				MTL_FAST_MATH = YES;
				ONLY_ACTIVE_ARCH = YES;
				SDKROOT = iphoneos;
				SWIFT_ACTIVE_COMPILATION_CONDITIONS = DEBUG;
				SWIFT_OPTIMIZATION_LEVEL = "-Onone";
			};
			name = Debug;
		};
		BFB268F22954637D007EF5B4 /* Release */ = {
			isa = XCBuildConfiguration;
			buildSettings = {
				ALWAYS_SEARCH_USER_PATHS = NO;
				CLANG_ANALYZER_NONNULL = YES;
				CLANG_ANALYZER_NUMBER_OBJECT_CONVERSION = YES_AGGRESSIVE;
				CLANG_CXX_LANGUAGE_STANDARD = "gnu++20";
				CLANG_ENABLE_MODULES = YES;
				CLANG_ENABLE_OBJC_ARC = YES;
				CLANG_ENABLE_OBJC_WEAK = YES;
				CLANG_WARN_BLOCK_CAPTURE_AUTORELEASING = YES;
				CLANG_WARN_BOOL_CONVERSION = YES;
				CLANG_WARN_COMMA = YES;
				CLANG_WARN_CONSTANT_CONVERSION = YES;
				CLANG_WARN_DEPRECATED_OBJC_IMPLEMENTATIONS = YES;
				CLANG_WARN_DIRECT_OBJC_ISA_USAGE = YES_ERROR;
				CLANG_WARN_DOCUMENTATION_COMMENTS = YES;
				CLANG_WARN_EMPTY_BODY = YES;
				CLANG_WARN_ENUM_CONVERSION = YES;
				CLANG_WARN_INFINITE_RECURSION = YES;
				CLANG_WARN_INT_CONVERSION = YES;
				CLANG_WARN_NON_LITERAL_NULL_CONVERSION = YES;
				CLANG_WARN_OBJC_IMPLICIT_RETAIN_SELF = YES;
				CLANG_WARN_OBJC_LITERAL_CONVERSION = YES;
				CLANG_WARN_OBJC_ROOT_CLASS = YES_ERROR;
				CLANG_WARN_QUOTED_INCLUDE_IN_FRAMEWORK_HEADER = YES;
				CLANG_WARN_RANGE_LOOP_ANALYSIS = YES;
				CLANG_WARN_STRICT_PROTOTYPES = YES;
				CLANG_WARN_SUSPICIOUS_MOVE = YES;
				CLANG_WARN_UNGUARDED_AVAILABILITY = YES_AGGRESSIVE;
				CLANG_WARN_UNREACHABLE_CODE = YES;
				CLANG_WARN__DUPLICATE_METHOD_MATCH = YES;
				COPY_PHASE_STRIP = NO;
				DEBUG_INFORMATION_FORMAT = "dwarf-with-dsym";
				ENABLE_NS_ASSERTIONS = NO;
				ENABLE_STRICT_OBJC_MSGSEND = YES;
				GCC_C_LANGUAGE_STANDARD = gnu11;
				GCC_NO_COMMON_BLOCKS = YES;
				GCC_WARN_64_TO_32_BIT_CONVERSION = YES;
				GCC_WARN_ABOUT_RETURN_TYPE = YES_ERROR;
				GCC_WARN_UNDECLARED_SELECTOR = YES;
				GCC_WARN_UNINITIALIZED_AUTOS = YES_AGGRESSIVE;
				GCC_WARN_UNUSED_FUNCTION = YES;
				GCC_WARN_UNUSED_VARIABLE = YES;
				IPHONEOS_DEPLOYMENT_TARGET = 16.2;
				MTL_ENABLE_DEBUG_INFO = NO;
				MTL_FAST_MATH = YES;
				SDKROOT = iphoneos;
				SWIFT_COMPILATION_MODE = wholemodule;
				SWIFT_OPTIMIZATION_LEVEL = "-O";
				VALIDATE_PRODUCT = YES;
			};
			name = Release;
		};
		BFB268F42954637D007EF5B4 /* Debug */ = {
			isa = XCBuildConfiguration;
			buildSettings = {
				ASSETCATALOG_COMPILER_APPICON_NAME = AppIcon;
				ASSETCATALOG_COMPILER_GLOBAL_ACCENT_COLOR_NAME = AccentColor;
				CODE_SIGN_STYLE = Automatic;
				CURRENT_PROJECT_VERSION = 1;
				DEVELOPMENT_ASSET_PATHS = "\"ColorPicker/Preview Content\"";
				DEVELOPMENT_TEAM = L8QX5LU28U;
				ENABLE_PREVIEWS = YES;
				GENERATE_INFOPLIST_FILE = YES;
				INFOPLIST_KEY_UIApplicationSceneManifest_Generation = YES;
				INFOPLIST_KEY_UIApplicationSupportsIndirectInputEvents = YES;
				INFOPLIST_KEY_UILaunchScreen_Generation = YES;
				INFOPLIST_KEY_UISupportedInterfaceOrientations_iPad = "UIInterfaceOrientationPortrait UIInterfaceOrientationPortraitUpsideDown UIInterfaceOrientationLandscapeLeft UIInterfaceOrientationLandscapeRight";
				INFOPLIST_KEY_UISupportedInterfaceOrientations_iPhone = "UIInterfaceOrientationPortrait UIInterfaceOrientationLandscapeLeft UIInterfaceOrientationLandscapeRight";
				IPHONEOS_DEPLOYMENT_TARGET = 16.1;
				LD_RUNPATH_SEARCH_PATHS = (
					"$(inherited)",
					"@executable_path/Frameworks",
				);
				MARKETING_VERSION = 1.0;
				PRODUCT_BUNDLE_IDENTIFIER = au.edu.uts.student.ColorPicker;
				PRODUCT_NAME = "$(TARGET_NAME)";
				SWIFT_EMIT_LOC_STRINGS = YES;
				SWIFT_VERSION = 5.0;
				TARGETED_DEVICE_FAMILY = "1,2";
			};
			name = Debug;
		};
		BFB268F52954637D007EF5B4 /* Release */ = {
			isa = XCBuildConfiguration;
			buildSettings = {
				ASSETCATALOG_COMPILER_APPICON_NAME = AppIcon;
				ASSETCATALOG_COMPILER_GLOBAL_ACCENT_COLOR_NAME = AccentColor;
				CODE_SIGN_STYLE = Automatic;
				CURRENT_PROJECT_VERSION = 1;
				DEVELOPMENT_ASSET_PATHS = "\"ColorPicker/Preview Content\"";
				DEVELOPMENT_TEAM = L8QX5LU28U;
				ENABLE_PREVIEWS = YES;
				GENERATE_INFOPLIST_FILE = YES;
				INFOPLIST_KEY_UIApplicationSceneManifest_Generation = YES;
				INFOPLIST_KEY_UIApplicationSupportsIndirectInputEvents = YES;
				INFOPLIST_KEY_UILaunchScreen_Generation = YES;
				INFOPLIST_KEY_UISupportedInterfaceOrientations_iPad = "UIInterfaceOrientationPortrait UIInterfaceOrientationPortraitUpsideDown UIInterfaceOrientationLandscapeLeft UIInterfaceOrientationLandscapeRight";
				INFOPLIST_KEY_UISupportedInterfaceOrientations_iPhone = "UIInterfaceOrientationPortrait UIInterfaceOrientationLandscapeLeft UIInterfaceOrientationLandscapeRight";
				IPHONEOS_DEPLOYMENT_TARGET = 16.1;
				LD_RUNPATH_SEARCH_PATHS = (
					"$(inherited)",
					"@executable_path/Frameworks",
				);
				MARKETING_VERSION = 1.0;
				PRODUCT_BUNDLE_IDENTIFIER = au.edu.uts.student.ColorPicker;
				PRODUCT_NAME = "$(TARGET_NAME)";
				SWIFT_EMIT_LOC_STRINGS = YES;
				SWIFT_VERSION = 5.0;
				TARGETED_DEVICE_FAMILY = "1,2";
			};
			name = Release;
		};
/* End XCBuildConfiguration section */

/* Begin XCConfigurationList section */
		BFB268DB2954637C007EF5B4 /* Build configuration list for PBXProject "ColorPicker" */ = {
			isa = XCConfigurationList;
			buildConfigurations = (
				BFB268F12954637D007EF5B4 /* Debug */,
				BFB268F22954637D007EF5B4 /* Release */,
			);
			defaultConfigurationIsVisible = 0;
			defaultConfigurationName = Release;
		};
		BFB268F32954637D007EF5B4 /* Build configuration list for PBXNativeTarget "ColorPicker" */ = {
			isa = XCConfigurationList;
			buildConfigurations = (
				BFB268F42954637D007EF5B4 /* Debug */,
				BFB268F52954637D007EF5B4 /* Release */,
			);
			defaultConfigurationIsVisible = 0;
			defaultConfigurationName = Release;
		};
/* End XCConfigurationList section */

/* Begin XCVersionGroup section */
		BFB268EE2954637D007EF5B4 /* ColorPicker.xcdatamodeld */ = {
			isa = XCVersionGroup;
			children = (
				BFB268EF2954637D007EF5B4 /* ColorPicker.xcdatamodel */,
			);
			currentVersion = BFB268EF2954637D007EF5B4 /* ColorPicker.xcdatamodel */;
			path = ColorPicker.xcdatamodeld;
			sourceTree = "<group>";
			versionGroupType = wrapper.xcdatamodel;
		};
/* End XCVersionGroup section */
	};
	rootObject = BFB268D82954637C007EF5B4 /* Project object */;
}
